lockVersion: 2.0.0
id: 3cb2df97-02b3-40ae-b2c9-c5d20e62e656
management:
  docChecksum: c36be1e93e5027e503a8aa899cb6b156
  docVersion: 0.0.1
  speakeasyVersion: 1.295.1
  generationVersion: 2.335.5
  releaseVersion: 0.0.5
  configChecksum: c68e4484ea0328f6dad63996502a3795
features:
  typescript:
    additionalDependencies: 0.1.0
    core: 3.9.6
    flattening: 2.81.1
    globalSecurity: 2.82.9
    globalSecurityCallbacks: 0.1.0
    globalServerURLs: 2.82.4
    nameOverrides: 2.81.2
    nullables: 0.1.0
    responseFormat: 0.2.3
    sdkHooks: 0.1.0
    serverIDs: 2.81.2
    typeOverrides: 2.81.1
generatedFiles:
  - src/sdk/edgeconfig.ts
  - src/sdk/sdk.ts
  - .eslintrc.js
  - .npmignore
  - RUNTIMES.md
  - jsr.json
  - package.json
  - src/index.ts
  - src/lib/base64.ts
  - src/lib/config.ts
  - src/lib/encodings.ts
  - src/lib/http.ts
  - src/lib/primitives.ts
  - src/lib/retries.ts
  - src/lib/schemas.ts
  - src/lib/sdks.ts
  - src/lib/security.ts
  - src/lib/url.ts
  - src/sdk/index.ts
  - src/models/errors/sdkerror.ts
  - src/models/errors/sdkvalidationerror.ts
  - src/types/blobs.ts
  - src/types/enums.ts
  - src/types/index.ts
  - src/types/operations.ts
  - src/types/rfcdate.ts
  - tsconfig.json
  - src/models/operations/getedgeconfigs.ts
  - src/models/operations/createedgeconfig.ts
  - src/models/operations/getedgeconfig.ts
  - src/models/operations/updateedgeconfig.ts
  - src/models/operations/deleteedgeconfig.ts
  - src/models/operations/getedgeconfigitems.ts
  - src/models/operations/getedgeconfigschema.ts
  - src/models/operations/patchedgeconfigschema.ts
  - src/models/operations/deleteedgeconfigschema.ts
  - src/models/operations/getedgeconfigitem.ts
  - src/models/operations/getedgeconfigtokens.ts
  - src/models/operations/deletetokens.ts
  - src/models/operations/getedgeconfigtoken.ts
  - src/models/operations/createedgeconfigtoken.ts
  - src/models/components/httpmetadata.ts
  - src/models/components/edgeconfigtoken.ts
  - src/models/components/security.ts
  - src/models/errors/index.ts
  - src/models/operations/index.ts
  - src/models/components/index.ts
  - docs/models/operations/getedgeconfigsrequest.md
  - docs/models/operations/transfer.md
  - docs/models/operations/schema.md
  - docs/models/operations/getedgeconfigsresponsebody.md
  - docs/models/operations/getedgeconfigsresponse.md
  - docs/models/operations/createedgeconfigrequestbody.md
  - docs/models/operations/createedgeconfigrequest.md
  - docs/models/operations/createedgeconfigtransfer.md
  - docs/models/operations/createedgeconfigschema.md
  - docs/models/operations/createedgeconfigresponsebody.md
  - docs/models/operations/createedgeconfigresponse.md
  - docs/models/operations/getedgeconfigrequest.md
  - docs/models/operations/getedgeconfigtransfer.md
  - docs/models/operations/getedgeconfigschema.md
  - docs/models/operations/getedgeconfigresponsebody.md
  - docs/models/operations/getedgeconfigresponse.md
  - docs/models/operations/updateedgeconfigrequestbody.md
  - docs/models/operations/updateedgeconfigrequest.md
  - docs/models/operations/updateedgeconfigtransfer.md
  - docs/models/operations/updateedgeconfigschema.md
  - docs/models/operations/updateedgeconfigresponsebody.md
  - docs/models/operations/updateedgeconfigresponse.md
  - docs/models/operations/deleteedgeconfigrequest.md
  - docs/models/operations/deleteedgeconfigresponse.md
  - docs/models/operations/getedgeconfigitemsrequest.md
  - docs/models/operations/getedgeconfigitemsresponse.md
  - docs/models/operations/getedgeconfigschemarequest.md
  - docs/models/operations/getedgeconfigschemaresponsebody.md
  - docs/models/operations/getedgeconfigschemaresponse.md
  - docs/models/operations/patchedgeconfigschemarequestbody.md
  - docs/models/operations/patchedgeconfigschemarequest.md
  - docs/models/operations/patchedgeconfigschemaresponsebody.md
  - docs/models/operations/patchedgeconfigschemaresponse.md
  - docs/models/operations/deleteedgeconfigschemarequest.md
  - docs/models/operations/deleteedgeconfigschemaresponse.md
  - docs/models/operations/getedgeconfigitemrequest.md
  - docs/models/operations/getedgeconfigitemresponse.md
  - docs/models/operations/getedgeconfigtokensrequest.md
  - docs/models/operations/getedgeconfigtokensresponse.md
  - docs/models/operations/deletetokensrequestbody.md
  - docs/models/operations/deletetokensrequest.md
  - docs/models/operations/deletetokensresponse.md
  - docs/models/operations/getedgeconfigtokenrequest.md
  - docs/models/operations/getedgeconfigtokenresponse.md
  - docs/models/operations/createedgeconfigtokenrequestbody.md
  - docs/models/operations/createedgeconfigtokenrequest.md
  - docs/models/operations/createedgeconfigtokenresponsebody.md
  - docs/models/operations/createedgeconfigtokenresponse.md
  - docs/models/components/httpmetadata.md
  - docs/models/components/edgeconfigtoken.md
  - docs/models/components/security.md
  - docs/sdks/sdk/README.md
  - docs/sdks/edgeconfig/README.md
  - USAGE.md
  - .gitattributes
  - src/hooks/hooks.ts
  - src/hooks/types.ts
  - src/hooks/index.ts
