lockVersion: 2.0.0
id: 761c7bfc-f6c3-4f15-970b-8c17d45a9283
management:
  docChecksum: d004c1feceb8e8bd108391acb50e3fe0
  docVersion: 0.0.1
  speakeasyVersion: 1.295.1
  generationVersion: 2.335.5
  releaseVersion: 0.0.4
  configChecksum: 6733427e56fe3aa7639e163422e1f964
features:
  typescript:
    additionalDependencies: 0.1.0
    core: 3.9.6
    flattening: 2.81.1
    globalSecurity: 2.82.9
    globalSecurityCallbacks: 0.1.0
    globalServerURLs: 2.82.4
    nameOverrides: 2.81.2
    nullables: 0.1.0
    responseFormat: 0.2.3
    sdkHooks: 0.1.0
    serverIDs: 2.81.2
    unions: 2.85.5
generatedFiles:
  - src/sdk/dns.ts
  - src/sdk/sdk.ts
  - .eslintrc.js
  - .npmignore
  - RUNTIMES.md
  - jsr.json
  - package.json
  - src/index.ts
  - src/lib/base64.ts
  - src/lib/config.ts
  - src/lib/encodings.ts
  - src/lib/http.ts
  - src/lib/primitives.ts
  - src/lib/retries.ts
  - src/lib/schemas.ts
  - src/lib/sdks.ts
  - src/lib/security.ts
  - src/lib/url.ts
  - src/sdk/index.ts
  - src/models/errors/sdkerror.ts
  - src/models/errors/sdkvalidationerror.ts
  - src/types/blobs.ts
  - src/types/enums.ts
  - src/types/index.ts
  - src/types/operations.ts
  - src/types/rfcdate.ts
  - tsconfig.json
  - src/models/operations/getrecords.ts
  - src/models/operations/createrecord.ts
  - src/models/operations/updaterecord.ts
  - src/models/operations/removerecord.ts
  - src/models/components/pagination.ts
  - src/models/components/httpmetadata.ts
  - src/models/components/security.ts
  - src/models/errors/index.ts
  - src/models/operations/index.ts
  - src/models/components/index.ts
  - docs/models/operations/getrecordsrequest.md
  - docs/models/operations/responsebodytype.md
  - docs/models/operations/responsebodyrecords.md
  - docs/models/operations/responsebody3.md
  - docs/models/operations/getrecordsresponsebodytype.md
  - docs/models/operations/records.md
  - docs/models/operations/responsebody2.md
  - docs/models/operations/getrecordsresponsebody.md
  - docs/models/operations/getrecordsresponse.md
  - docs/models/operations/createrecordrequestbodydnsrequest10type.md
  - docs/models/operations/requestbodyhttps.md
  - docs/models/operations/ten.md
  - docs/models/operations/createrecordrequestbodydnsrequest9type.md
  - docs/models/operations/nine.md
  - docs/models/operations/createrecordrequestbodydnsrequest8type.md
  - docs/models/operations/eight.md
  - docs/models/operations/createrecordrequestbodydnsrequest7type.md
  - docs/models/operations/requestbodysrv.md
  - docs/models/operations/seven.md
  - docs/models/operations/createrecordrequestbodydnsrequest6type.md
  - docs/models/operations/six.md
  - docs/models/operations/createrecordrequestbodydnsrequesttype.md
  - docs/models/operations/five.md
  - docs/models/operations/createrecordrequestbodydnstype.md
  - docs/models/operations/four.md
  - docs/models/operations/createrecordrequestbodytype.md
  - docs/models/operations/three.md
  - docs/models/operations/requestbodytype.md
  - docs/models/operations/two.md
  - docs/models/operations/createrecordrequestbodydnsrequest1type.md
  - docs/models/operations/one.md
  - docs/models/operations/createrecordrequestbody.md
  - docs/models/operations/createrecordrequest.md
  - docs/models/operations/createrecordresponsebody2.md
  - docs/models/operations/responsebody1.md
  - docs/models/operations/createrecordresponsebody.md
  - docs/models/operations/createrecordresponse.md
  - docs/models/operations/type.md
  - docs/models/operations/srv.md
  - docs/models/operations/https.md
  - docs/models/operations/updaterecordrequestbody.md
  - docs/models/operations/updaterecordrequest.md
  - docs/models/operations/recordtype.md
  - docs/models/operations/updaterecordtype.md
  - docs/models/operations/updaterecordresponsebody.md
  - docs/models/operations/updaterecordresponse.md
  - docs/models/operations/removerecordrequest.md
  - docs/models/operations/removerecordresponsebody.md
  - docs/models/operations/removerecordresponse.md
  - docs/models/components/pagination.md
  - docs/models/components/httpmetadata.md
  - docs/models/components/security.md
  - docs/sdks/sdk/README.md
  - docs/sdks/dns/README.md
  - USAGE.md
  - .gitattributes
  - src/hooks/hooks.ts
  - src/hooks/types.ts
  - src/hooks/index.ts
