lockVersion: 2.0.0
id: 27b25752-03e0-4e64-925c-b87a92742077
management:
  docChecksum: 563ce64c98d2362197e18ccc994b01b2
  docVersion: 0.0.1
  speakeasyVersion: 1.295.1
  generationVersion: 2.335.5
  releaseVersion: 0.0.2
  configChecksum: 39c9cc4642d591d10cfdda3d4de64078
features:
  typescript:
    additionalDependencies: 0.1.0
    core: 3.9.6
    flattening: 2.81.1
    globalSecurity: 2.82.9
    globalSecurityCallbacks: 0.1.0
    globalServerURLs: 2.82.4
    nameOverrides: 2.81.2
    nullables: 0.1.0
    responseFormat: 0.2.3
    sdkHooks: 0.1.0
    serverIDs: 2.81.2
    typeOverrides: 2.81.1
    unions: 2.85.5
generatedFiles:
  - src/sdk/integrations.ts
  - src/sdk/sdk.ts
  - .eslintrc.js
  - .npmignore
  - RUNTIMES.md
  - jsr.json
  - package.json
  - src/index.ts
  - src/lib/base64.ts
  - src/lib/config.ts
  - src/lib/encodings.ts
  - src/lib/http.ts
  - src/lib/primitives.ts
  - src/lib/retries.ts
  - src/lib/schemas.ts
  - src/lib/sdks.ts
  - src/lib/security.ts
  - src/lib/url.ts
  - src/sdk/index.ts
  - src/models/errors/sdkerror.ts
  - src/models/errors/sdkvalidationerror.ts
  - src/types/blobs.ts
  - src/types/enums.ts
  - src/types/index.ts
  - src/types/operations.ts
  - src/types/rfcdate.ts
  - tsconfig.json
  - src/models/operations/getconfigurations.ts
  - src/models/operations/getconfiguration.ts
  - src/models/operations/deleteconfiguration.ts
  - src/models/operations/gitnamespaces.ts
  - src/models/operations/listgitrepos.ts
  - src/models/components/httpmetadata.ts
  - src/models/components/security.ts
  - src/models/errors/index.ts
  - src/models/operations/index.ts
  - src/models/components/index.ts
  - docs/models/operations/view.md
  - docs/models/operations/getconfigurationsrequest.md
  - docs/models/operations/integration.md
  - docs/models/operations/responsebodysource.md
  - docs/models/operations/responsebodytype.md
  - docs/models/operations/responsebodyadded.md
  - docs/models/operations/responsebodyupgraded.md
  - docs/models/operations/responsebodyscopes.md
  - docs/models/operations/responsebodyscopesqueue.md
  - docs/models/operations/responsebodydisabledreason.md
  - docs/models/operations/responsebodyinstallationtype.md
  - docs/models/operations/two.md
  - docs/models/operations/source.md
  - docs/models/operations/type.md
  - docs/models/operations/added.md
  - docs/models/operations/upgraded.md
  - docs/models/operations/scopes.md
  - docs/models/operations/scopesqueue.md
  - docs/models/operations/disabledreason.md
  - docs/models/operations/installationtype.md
  - docs/models/operations/one.md
  - docs/models/operations/getconfigurationsresponsebody.md
  - docs/models/operations/getconfigurationsresponse.md
  - docs/models/operations/getconfigurationrequest.md
  - docs/models/operations/projectselection.md
  - docs/models/operations/getconfigurationresponsebodyintegrationssource.md
  - docs/models/operations/getconfigurationresponsebodyintegrationstype.md
  - docs/models/operations/getconfigurationresponsebodyintegrationsadded.md
  - docs/models/operations/getconfigurationresponsebodyintegrationsupgraded.md
  - docs/models/operations/getconfigurationresponsebodyintegrationsscopes.md
  - docs/models/operations/getconfigurationresponsebodyintegrationsscopesqueue.md
  - docs/models/operations/getconfigurationresponsebodyintegrationsdisabledreason.md
  - docs/models/operations/getconfigurationresponsebodyintegrationsinstallationtype.md
  - docs/models/operations/responsebody2.md
  - docs/models/operations/getconfigurationresponsebodysource.md
  - docs/models/operations/getconfigurationresponsebodytype.md
  - docs/models/operations/getconfigurationresponsebodyadded.md
  - docs/models/operations/getconfigurationresponsebodyupgraded.md
  - docs/models/operations/getconfigurationresponsebodyscopes.md
  - docs/models/operations/getconfigurationresponsebodyscopesqueue.md
  - docs/models/operations/getconfigurationresponsebodydisabledreason.md
  - docs/models/operations/getconfigurationresponsebodyinstallationtype.md
  - docs/models/operations/responsebody1.md
  - docs/models/operations/getconfigurationresponsebody.md
  - docs/models/operations/getconfigurationresponse.md
  - docs/models/operations/deleteconfigurationrequest.md
  - docs/models/operations/deleteconfigurationresponse.md
  - docs/models/operations/provider.md
  - docs/models/operations/gitnamespacesrequest.md
  - docs/models/operations/id.md
  - docs/models/operations/responsebody.md
  - docs/models/operations/gitnamespacesresponse.md
  - docs/models/operations/queryparamprovider.md
  - docs/models/operations/listgitreposrequest.md
  - docs/models/operations/listgitreposprovider.md
  - docs/models/operations/namespaceid.md
  - docs/models/operations/gitaccount.md
  - docs/models/operations/listgitreposid.md
  - docs/models/operations/listgitreposintegrationsprovider.md
  - docs/models/operations/listgitreposintegrationsid.md
  - docs/models/operations/owner.md
  - docs/models/operations/ownertype.md
  - docs/models/operations/repos.md
  - docs/models/operations/listgitreposresponsebody.md
  - docs/models/operations/listgitreposresponse.md
  - docs/models/components/httpmetadata.md
  - docs/models/components/security.md
  - docs/sdks/sdk/README.md
  - docs/sdks/integrations/README.md
  - USAGE.md
  - .gitattributes
  - src/hooks/hooks.ts
  - src/hooks/types.ts
  - src/hooks/index.ts
