lockVersion: 2.0.0
id: 406fbf7f-216d-484f-9d53-65586daef2dd
management:
  docChecksum: cb679fbfa4e8b9f195c80ea09034b168
  docVersion: 0.0.1
  speakeasyVersion: 1.295.1
  generationVersion: 2.335.5
  releaseVersion: 0.0.4
  configChecksum: a3e0bf1782f652c20b20e53c352b7fad
features:
  typescript:
    additionalDependencies: 0.1.0
    core: 3.9.6
    flattening: 2.81.1
    globalSecurity: 2.82.9
    globalSecurityCallbacks: 0.1.0
    globalServerURLs: 2.82.4
    nameOverrides: 2.81.2
    nullables: 0.1.0
    responseFormat: 0.2.3
    sdkHooks: 0.1.0
    serverIDs: 2.81.2
generatedFiles:
  - src/sdk/checks.ts
  - src/sdk/sdk.ts
  - .eslintrc.js
  - .npmignore
  - RUNTIMES.md
  - jsr.json
  - package.json
  - src/index.ts
  - src/lib/base64.ts
  - src/lib/config.ts
  - src/lib/encodings.ts
  - src/lib/http.ts
  - src/lib/primitives.ts
  - src/lib/retries.ts
  - src/lib/schemas.ts
  - src/lib/sdks.ts
  - src/lib/security.ts
  - src/lib/url.ts
  - src/sdk/index.ts
  - src/models/errors/sdkerror.ts
  - src/models/errors/sdkvalidationerror.ts
  - src/types/blobs.ts
  - src/types/enums.ts
  - src/types/index.ts
  - src/types/operations.ts
  - src/types/rfcdate.ts
  - tsconfig.json
  - src/models/operations/createcheck.ts
  - src/models/operations/getallchecks.ts
  - src/models/operations/getcheck.ts
  - src/models/operations/updatecheck.ts
  - src/models/operations/rerequestcheck.ts
  - src/models/components/httpmetadata.ts
  - src/models/components/security.ts
  - src/models/errors/index.ts
  - src/models/operations/index.ts
  - src/models/components/index.ts
  - docs/models/operations/createcheckrequestbody.md
  - docs/models/operations/createcheckrequest.md
  - docs/models/operations/createcheckstatus.md
  - docs/models/operations/createcheckconclusion.md
  - docs/models/operations/createcheckchecksresponse200applicationjsonsource.md
  - docs/models/operations/createcheckfcp.md
  - docs/models/operations/createchecksource.md
  - docs/models/operations/createchecklcp.md
  - docs/models/operations/createcheckcheckssource.md
  - docs/models/operations/createcheckcls.md
  - docs/models/operations/createcheckchecksresponsesource.md
  - docs/models/operations/createchecktbt.md
  - docs/models/operations/createcheckchecksresponse200source.md
  - docs/models/operations/createcheckvirtualexperiencescore.md
  - docs/models/operations/createcheckmetrics.md
  - docs/models/operations/createcheckoutput.md
  - docs/models/operations/createcheckresponsebody.md
  - docs/models/operations/createcheckresponse.md
  - docs/models/operations/getallchecksrequest.md
  - docs/models/operations/getallchecksconclusion.md
  - docs/models/operations/getallcheckssource.md
  - docs/models/operations/getallchecksfcp.md
  - docs/models/operations/getallcheckscheckssource.md
  - docs/models/operations/getallcheckslcp.md
  - docs/models/operations/getallcheckschecksresponsesource.md
  - docs/models/operations/getallcheckscls.md
  - docs/models/operations/getallcheckschecksresponse200source.md
  - docs/models/operations/getallcheckstbt.md
  - docs/models/operations/getallcheckschecksresponse200applicationjsonsource.md
  - docs/models/operations/getallchecksvirtualexperiencescore.md
  - docs/models/operations/getallchecksmetrics.md
  - docs/models/operations/getallchecksoutput.md
  - docs/models/operations/getallchecksstatus.md
  - docs/models/operations/checks.md
  - docs/models/operations/getallchecksresponsebody.md
  - docs/models/operations/getallchecksresponse.md
  - docs/models/operations/getcheckrequest.md
  - docs/models/operations/getcheckstatus.md
  - docs/models/operations/getcheckconclusion.md
  - docs/models/operations/getchecksource.md
  - docs/models/operations/getcheckfcp.md
  - docs/models/operations/getcheckcheckssource.md
  - docs/models/operations/getchecklcp.md
  - docs/models/operations/getcheckchecksresponsesource.md
  - docs/models/operations/getcheckcls.md
  - docs/models/operations/getcheckchecksresponse200source.md
  - docs/models/operations/getchecktbt.md
  - docs/models/operations/getcheckchecksresponse200applicationjsonsource.md
  - docs/models/operations/getcheckvirtualexperiencescore.md
  - docs/models/operations/getcheckmetrics.md
  - docs/models/operations/getcheckoutput.md
  - docs/models/operations/getcheckresponsebody.md
  - docs/models/operations/getcheckresponse.md
  - docs/models/operations/status.md
  - docs/models/operations/conclusion.md
  - docs/models/operations/source.md
  - docs/models/operations/fcp.md
  - docs/models/operations/updatechecksource.md
  - docs/models/operations/lcp.md
  - docs/models/operations/updatecheckcheckssource.md
  - docs/models/operations/cls.md
  - docs/models/operations/updatecheckchecksrequestsource.md
  - docs/models/operations/tbt.md
  - docs/models/operations/updatecheckchecksrequestrequestbodysource.md
  - docs/models/operations/virtualexperiencescore.md
  - docs/models/operations/metrics.md
  - docs/models/operations/output.md
  - docs/models/operations/updatecheckrequestbody.md
  - docs/models/operations/updatecheckrequest.md
  - docs/models/operations/updatecheckstatus.md
  - docs/models/operations/updatecheckconclusion.md
  - docs/models/operations/updatecheckchecksresponsesource.md
  - docs/models/operations/updatecheckfcp.md
  - docs/models/operations/updatecheckchecksresponse200source.md
  - docs/models/operations/updatechecklcp.md
  - docs/models/operations/updatecheckchecksresponse200applicationjsonsource.md
  - docs/models/operations/updatecheckcls.md
  - docs/models/operations/updatecheckchecksresponse200applicationjsonresponsebodysource.md
  - docs/models/operations/updatechecktbt.md
  - docs/models/operations/updatecheckchecksresponse200applicationjsonresponsebodyoutputsource.md
  - docs/models/operations/updatecheckvirtualexperiencescore.md
  - docs/models/operations/updatecheckmetrics.md
  - docs/models/operations/updatecheckoutput.md
  - docs/models/operations/updatecheckresponsebody.md
  - docs/models/operations/updatecheckresponse.md
  - docs/models/operations/rerequestcheckrequest.md
  - docs/models/operations/rerequestcheckresponsebody.md
  - docs/models/operations/rerequestcheckresponse.md
  - docs/models/components/httpmetadata.md
  - docs/models/components/security.md
  - docs/sdks/sdk/README.md
  - docs/sdks/checks/README.md
  - USAGE.md
  - .gitattributes
  - src/hooks/hooks.ts
  - src/hooks/types.ts
  - src/hooks/index.ts
