speakeasyVersion: 1.325.0
sources:
    Vercel-API:
        sourceNamespace: vercel-api
        sourceRevisionDigest: sha256:b268f4c628128346bf25d861c357f101e7c1ab2e5747ec6bf1654fd5296a8ab9
        sourceBlobDigest: sha256:250fbddbbfbdb14fa7368f8342ea591b1840878a9efce373ebe9065953776d89
        tags:
            - latest
            - main
targets:
    typescript:
        source: Vercel-API
        sourceNamespace: vercel-api
        sourceRevisionDigest: sha256:b268f4c628128346bf25d861c357f101e7c1ab2e5747ec6bf1654fd5296a8ab9
        sourceBlobDigest: sha256:250fbddbbfbdb14fa7368f8342ea591b1840878a9efce373ebe9065953776d89
        outLocation: /github/workspace/repo
workflow:
    workflowVersion: 1.0.0
    speakeasyVersion: latest
    sources:
        Vercel-API:
            inputs:
                - location: ./vercel-api-modified.yaml
            registry:
                location: registry.speakeasyapi.dev/vercel/vercel/vercel-api
    targets:
        typescript:
            target: typescript
            source: Vercel-API
            publish:
                npm:
                    token: $npm_token
