speakeasyVersion: 1.366.0
sources:
    vercel-openapi:
        sourceNamespace: vercel-openapi
        sourceRevisionDigest: sha256:06743f106c74223ee213c091fcd67bf31aefa2aa5f169d70d3c24b97e9daeb04
        sourceBlobDigest: sha256:1a52393c8b8a95494acd8021e4b8d989834cb74f03291f3e48470b4077667b9b
        tags:
            - latest
            - main
targets:
    typescript:
        source: vercel-openapi
        sourceNamespace: vercel-openapi
        sourceRevisionDigest: sha256:06743f106c74223ee213c091fcd67bf31aefa2aa5f169d70d3c24b97e9daeb04
        sourceBlobDigest: sha256:1a52393c8b8a95494acd8021e4b8d989834cb74f03291f3e48470b4077667b9b
        outLocation: .
workflow:
    workflowVersion: 1.0.0
    speakeasyVersion: latest
    sources:
        vercel-openapi:
            inputs:
                - location: vercel-api-suggest.yaml
            registry:
                location: registry.speakeasyapi.dev/vercel/vercel/vercel-openapi
    targets:
        typescript:
            target: typescript
            source: vercel-openapi
            output: .
            publish:
                npm:
                    token: $npm_token
