lockVersion: 2.0.0
id: a808bcf3-8679-412f-8a65-3b18dbd4100f
management:
  docChecksum: 745de9ee94177def30d57058e9e4d7a9
  docVersion: 0.0.1
  speakeasyVersion: 1.295.1
  generationVersion: 2.335.5
  releaseVersion: 0.2.4
  configChecksum: 6aab24c1eb0c55c9f136772a238a5889
features:
  typescript:
    additionalDependencies: 0.1.0
    core: 3.9.6
    downloadStreams: 0.1.1
    flattening: 2.81.1
    globalSecurity: 2.82.9
    globalSecurityCallbacks: 0.1.0
    globalServerURLs: 2.82.4
    nameOverrides: 2.81.2
    nullables: 0.1.0
    responseFormat: 0.2.3
    sdkHooks: 0.1.0
    serverIDs: 2.81.2
    unions: 2.85.5
generatedFiles:
  - src/sdk/artifacts.ts
  - src/sdk/sdk.ts
  - .eslintrc.js
  - .npmignore
  - RUNTIMES.md
  - jsr.json
  - package.json
  - src/index.ts
  - src/lib/base64.ts
  - src/lib/config.ts
  - src/lib/encodings.ts
  - src/lib/http.ts
  - src/lib/primitives.ts
  - src/lib/retries.ts
  - src/lib/schemas.ts
  - src/lib/sdks.ts
  - src/lib/security.ts
  - src/lib/url.ts
  - src/sdk/index.ts
  - src/models/sdkerror.ts
  - src/models/sdkvalidationerror.ts
  - src/types/blobs.ts
  - src/types/enums.ts
  - src/types/index.ts
  - src/types/operations.ts
  - src/types/rfcdate.ts
  - tsconfig.json
  - src/models/recordeventsop.ts
  - src/models/statusop.ts
  - src/models/uploadartifactop.ts
  - src/models/downloadartifactop.ts
  - src/models/artifactexistsop.ts
  - src/models/artifactqueryop.ts
  - src/models/security.ts
  - src/models/index.ts
  - docs/models/source.md
  - docs/models/event.md
  - docs/models/requestbody.md
  - docs/models/recordeventsrequest.md
  - docs/models/statusrequest.md
  - docs/models/status.md
  - docs/models/statusresponsebody.md
  - docs/models/uploadartifactrequest.md
  - docs/models/uploadartifactresponsebody.md
  - docs/models/downloadartifactrequest.md
  - docs/models/artifactexistsrequest.md
  - docs/models/artifactqueryrequestbody.md
  - docs/models/artifactqueryrequest.md
  - docs/models/errort.md
  - docs/models/two.md
  - docs/models/one.md
  - docs/models/responsebody.md
  - docs/models/security.md
  - docs/sdks/sdk/README.md
  - docs/sdks/artifacts/README.md
  - USAGE.md
  - .gitattributes
  - src/hooks/hooks.ts
  - src/hooks/types.ts
  - src/hooks/index.ts
