lockVersion: 2.0.0
id: 32a4bce4-2e34-4025-bffb-f052d19a683e
management:
  docChecksum: 3133f561be228198f2748b3b33b08ab3
  docVersion: 0.0.1
  speakeasyVersion: 1.295.1
  generationVersion: 2.335.5
  releaseVersion: 0.0.5
  configChecksum: ab74100de82b6e2fbf57e105406806fa
features:
  typescript:
    additionalDependencies: 0.1.0
    core: 3.9.6
    globalSecurity: 2.82.9
    globalSecurityCallbacks: 0.1.0
    globalServerURLs: 2.82.4
    nameOverrides: 2.81.2
    nullables: 0.1.0
    responseFormat: 0.2.3
    sdkHooks: 0.1.0
    serverIDs: 2.81.2
    unions: 2.85.5
generatedFiles:
  - src/sdk/user.ts
  - src/sdk/sdk.ts
  - .eslintrc.js
  - .npmignore
  - RUNTIMES.md
  - jsr.json
  - package.json
  - src/index.ts
  - src/lib/base64.ts
  - src/lib/config.ts
  - src/lib/encodings.ts
  - src/lib/http.ts
  - src/lib/primitives.ts
  - src/lib/retries.ts
  - src/lib/schemas.ts
  - src/lib/sdks.ts
  - src/lib/security.ts
  - src/lib/url.ts
  - src/sdk/index.ts
  - src/models/errors/sdkerror.ts
  - src/models/errors/sdkvalidationerror.ts
  - src/types/blobs.ts
  - src/types/enums.ts
  - src/types/index.ts
  - src/types/operations.ts
  - src/types/rfcdate.ts
  - tsconfig.json
  - src/models/operations/listuserevent.ts
  - src/models/operations/getauthuser.ts
  - src/models/operations/requestdelete.ts
  - src/models/components/userevent.ts
  - src/models/components/httpmetadata.ts
  - src/models/components/authuser.ts
  - src/models/components/authuserlimited.ts
  - src/models/components/security.ts
  - src/models/errors/index.ts
  - src/models/operations/index.ts
  - src/models/components/index.ts
  - docs/models/operations/listusereventrequest.md
  - docs/models/operations/listusereventresponsebody.md
  - docs/models/operations/listusereventresponse.md
  - docs/models/operations/user.md
  - docs/models/operations/getauthuserresponsebody.md
  - docs/models/operations/getauthuserresponse.md
  - docs/models/operations/reasons.md
  - docs/models/operations/requestdeleterequestbody.md
  - docs/models/operations/requestdeleteresponsebody.md
  - docs/models/operations/requestdeleteresponse.md
  - docs/models/components/type.md
  - docs/models/components/entities.md
  - docs/models/components/user.md
  - docs/models/components/userevent.md
  - docs/models/components/httpmetadata.md
  - docs/models/components/reason.md
  - docs/models/components/blockedduetooveragetype.md
  - docs/models/components/softblock.md
  - docs/models/components/currency.md
  - docs/models/components/period.md
  - docs/models/components/contract.md
  - docs/models/components/plan.md
  - docs/models/components/platform.md
  - docs/models/components/programtype.md
  - docs/models/components/trial.md
  - docs/models/components/tax.md
  - docs/models/components/address.md
  - docs/models/components/authuserbillinginvoiceitemsconcurrentbuildsinterval.md
  - docs/models/components/authuserbillinginvoiceitemsconcurrentbuildsfrequency.md
  - docs/models/components/concurrentbuilds.md
  - docs/models/components/authuserinterval.md
  - docs/models/components/authuserfrequency.md
  - docs/models/components/authuserwebanalytics.md
  - docs/models/components/authuserbillinginterval.md
  - docs/models/components/authuserbillingfrequency.md
  - docs/models/components/pro.md
  - docs/models/components/authuserbillinginvoiceitemsinterval.md
  - docs/models/components/authuserbillinginvoiceitemsfrequency.md
  - docs/models/components/enterprise.md
  - docs/models/components/authuserbillinginvoiceitemsanalyticsinterval.md
  - docs/models/components/authuserbillinginvoiceitemsanalyticsfrequency.md
  - docs/models/components/analytics.md
  - docs/models/components/authuserbillinginvoiceitemsmonitoringinterval.md
  - docs/models/components/authuserbillinginvoiceitemsmonitoringfrequency.md
  - docs/models/components/monitoring.md
  - docs/models/components/authuserbillinginvoiceitemspasswordprotectioninterval.md
  - docs/models/components/authuserbillinginvoiceitemspasswordprotectionfrequency.md
  - docs/models/components/passwordprotection.md
  - docs/models/components/authuserbillinginvoiceitemspreviewdeploymentsuffixinterval.md
  - docs/models/components/authuserbillinginvoiceitemspreviewdeploymentsuffixfrequency.md
  - docs/models/components/previewdeploymentsuffix.md
  - docs/models/components/authuserbillinginvoiceitemssamlinterval.md
  - docs/models/components/authuserbillinginvoiceitemssamlfrequency.md
  - docs/models/components/saml.md
  - docs/models/components/authuserbillinginvoiceitemsteamseatsinterval.md
  - docs/models/components/authuserbillinginvoiceitemsteamseatsfrequency.md
  - docs/models/components/teamseats.md
  - docs/models/components/matrix.md
  - docs/models/components/analyticsusage.md
  - docs/models/components/authusermatrix.md
  - docs/models/components/artifacts.md
  - docs/models/components/authuserbillingmatrix.md
  - docs/models/components/bandwidth.md
  - docs/models/components/authuserbillinginvoiceitemsmatrix.md
  - docs/models/components/blobstores.md
  - docs/models/components/authuserbillinginvoiceitemsblobtotaladvancedrequestsmatrix.md
  - docs/models/components/blobtotaladvancedrequests.md
  - docs/models/components/authuserbillinginvoiceitemsblobtotalavgsizeinbytesmatrix.md
  - docs/models/components/blobtotalavgsizeinbytes.md
  - docs/models/components/authuserbillinginvoiceitemsblobtotalgetresponseobjectsizeinbytesmatrix.md
  - docs/models/components/blobtotalgetresponseobjectsizeinbytes.md
  - docs/models/components/authuserbillinginvoiceitemsblobtotalsimplerequestsmatrix.md
  - docs/models/components/blobtotalsimplerequests.md
  - docs/models/components/authuserbillinginvoiceitemsbuildminutematrix.md
  - docs/models/components/buildminute.md
  - docs/models/components/authuserbillinginvoiceitemsdatacachereadmatrix.md
  - docs/models/components/datacacheread.md
  - docs/models/components/authuserbillinginvoiceitemsdatacacherevalidationmatrix.md
  - docs/models/components/datacacherevalidation.md
  - docs/models/components/authuserbillinginvoiceitemsdatacachewritematrix.md
  - docs/models/components/datacachewrite.md
  - docs/models/components/authuserbillinginvoiceitemsedgeconfigreadmatrix.md
  - docs/models/components/edgeconfigread.md
  - docs/models/components/authuserbillinginvoiceitemsedgeconfigwritematrix.md
  - docs/models/components/edgeconfigwrite.md
  - docs/models/components/authuserbillinginvoiceitemsedgefunctionexecutionunitsmatrix.md
  - docs/models/components/edgefunctionexecutionunits.md
  - docs/models/components/authuserbillinginvoiceitemsedgemiddlewareinvocationsmatrix.md
  - docs/models/components/edgemiddlewareinvocations.md
  - docs/models/components/authuserbillinginvoiceitemsedgerequestmatrix.md
  - docs/models/components/edgerequest.md
  - docs/models/components/authuserbillinginvoiceitemsedgerequestadditionalcpudurationmatrix.md
  - docs/models/components/edgerequestadditionalcpuduration.md
  - docs/models/components/authuserbillinginvoiceitemsfastdatatransfermatrix.md
  - docs/models/components/fastdatatransfer.md
  - docs/models/components/authuserbillinginvoiceitemsfastorigintransfermatrix.md
  - docs/models/components/fastorigintransfer.md
  - docs/models/components/authuserbillinginvoiceitemsfunctiondurationmatrix.md
  - docs/models/components/functionduration.md
  - docs/models/components/authuserbillinginvoiceitemsfunctioninvocationmatrix.md
  - docs/models/components/functioninvocation.md
  - docs/models/components/authuserbillinginvoiceitemslogdrainsvolumematrix.md
  - docs/models/components/logdrainsvolume.md
  - docs/models/components/authuserbillinginvoiceitemsmonitoringmetricmatrix.md
  - docs/models/components/monitoringmetric.md
  - docs/models/components/authuserbillinginvoiceitemspostgrescomputetimematrix.md
  - docs/models/components/postgrescomputetime.md
  - docs/models/components/authuserbillinginvoiceitemspostgresdatastoragematrix.md
  - docs/models/components/postgresdatastorage.md
  - docs/models/components/authuserbillinginvoiceitemspostgresdatatransfermatrix.md
  - docs/models/components/postgresdatatransfer.md
  - docs/models/components/authuserbillinginvoiceitemspostgresdatabasematrix.md
  - docs/models/components/postgresdatabase.md
  - docs/models/components/authuserbillinginvoiceitemspostgreswrittendatamatrix.md
  - docs/models/components/postgreswrittendata.md
  - docs/models/components/authuserbillinginvoiceitemsserverlessfunctionexecutionmatrix.md
  - docs/models/components/serverlessfunctionexecution.md
  - docs/models/components/authuserbillinginvoiceitemssourceimagesmatrix.md
  - docs/models/components/sourceimages.md
  - docs/models/components/authuserbillinginvoiceitemsstorageredistotalbandwidthinbytesmatrix.md
  - docs/models/components/storageredistotalbandwidthinbytes.md
  - docs/models/components/authuserbillinginvoiceitemsstorageredistotalcommandsmatrix.md
  - docs/models/components/storageredistotalcommands.md
  - docs/models/components/authuserbillinginvoiceitemsstorageredistotaldailyavgstorageinbytesmatrix.md
  - docs/models/components/storageredistotaldailyavgstorageinbytes.md
  - docs/models/components/authuserbillinginvoiceitemsstorageredistotaldatabasesmatrix.md
  - docs/models/components/storageredistotaldatabases.md
  - docs/models/components/authuserbillinginvoiceitemswafowaspexcessbytesmatrix.md
  - docs/models/components/wafowaspexcessbytes.md
  - docs/models/components/authuserbillinginvoiceitemswafowasprequestsmatrix.md
  - docs/models/components/wafowasprequests.md
  - docs/models/components/authuserbillinginvoiceitemswebanalyticseventmatrix.md
  - docs/models/components/webanalyticsevent.md
  - docs/models/components/invoiceitems.md
  - docs/models/components/invoicesettings.md
  - docs/models/components/authusertrial.md
  - docs/models/components/authuserperiod.md
  - docs/models/components/interval.md
  - docs/models/components/frequency.md
  - docs/models/components/duration.md
  - docs/models/components/coupon.md
  - docs/models/components/discount.md
  - docs/models/components/items.md
  - docs/models/components/subscriptions.md
  - docs/models/components/controls.md
  - docs/models/components/status.md
  - docs/models/components/pricingexperiment.md
  - docs/models/components/billing.md
  - docs/models/components/resourceconfig.md
  - docs/models/components/viewpreference.md
  - docs/models/components/favoritesviewpreference.md
  - docs/models/components/recentsviewpreference.md
  - docs/models/components/activedashboardviews.md
  - docs/models/components/importflowgitnamespace.md
  - docs/models/components/importflowgitnamespaceid.md
  - docs/models/components/importflowgitprovider.md
  - docs/models/components/gitnamespaceid.md
  - docs/models/components/preferredscopesandgitnamespaces.md
  - docs/models/components/dismissals.md
  - docs/models/components/dismissedtoasts.md
  - docs/models/components/two.md
  - docs/models/components/one.md
  - docs/models/components/favoriteprojectsandspaces.md
  - docs/models/components/remotecaching.md
  - docs/models/components/datacache.md
  - docs/models/components/webanalytics.md
  - docs/models/components/featureblocks.md
  - docs/models/components/authuserstatus.md
  - docs/models/components/migration.md
  - docs/models/components/northstar.md
  - docs/models/components/northstarmigration.md
  - docs/models/components/version.md
  - docs/models/components/authuser.md
  - docs/models/components/authuserlimitedversion.md
  - docs/models/components/authuserlimited.md
  - docs/models/components/security.md
  - docs/sdks/sdk/README.md
  - docs/sdks/user/README.md
  - USAGE.md
  - .gitattributes
  - src/hooks/hooks.ts
  - src/hooks/types.ts
  - src/hooks/index.ts
