lockVersion: 2.0.0
id: bcf74395-3be9-48c3-9d89-ce93c9ac1201
management:
  docChecksum: 9fa45d0f0a1e9976613e6446c87388bc
  docVersion: 0.0.1
  speakeasyVersion: 1.295.1
  generationVersion: 2.335.5
  releaseVersion: 0.0.4
  configChecksum: cf47a30eb7bd90f7d1cd3394c737cfcd
features:
  typescript:
    acceptHeaders: 2.81.2
    additionalDependencies: 0.1.0
    constsAndDefaults: 0.1.5
    core: 3.9.6
    deprecations: 2.81.1
    flattening: 2.81.1
    globalSecurity: 2.82.9
    globalSecurityCallbacks: 0.1.0
    globalServerURLs: 2.82.4
    nameOverrides: 2.81.2
    nullables: 0.1.0
    responseFormat: 0.2.3
    sdkHooks: 0.1.0
    serverIDs: 2.81.2
    unions: 2.85.5
generatedFiles:
  - src/sdk/deployments.ts
  - src/sdk/sdk.ts
  - .eslintrc.js
  - .npmignore
  - RUNTIMES.md
  - jsr.json
  - package.json
  - src/index.ts
  - src/lib/base64.ts
  - src/lib/config.ts
  - src/lib/encodings.ts
  - src/lib/http.ts
  - src/lib/primitives.ts
  - src/lib/retries.ts
  - src/lib/schemas.ts
  - src/lib/sdks.ts
  - src/lib/security.ts
  - src/lib/url.ts
  - src/sdk/index.ts
  - src/models/errors/sdkerror.ts
  - src/models/errors/sdkvalidationerror.ts
  - src/types/blobs.ts
  - src/types/enums.ts
  - src/types/index.ts
  - src/types/operations.ts
  - src/types/rfcdate.ts
  - tsconfig.json
  - src/models/operations/getdeploymentevents.ts
  - src/models/operations/getdeployment.ts
  - src/models/operations/createdeployment.ts
  - src/models/operations/canceldeployment.ts
  - src/models/operations/uploadfile.ts
  - src/models/operations/listdeploymentfiles.ts
  - src/models/operations/getdeploymentfilecontents.ts
  - src/models/operations/getdeployments.ts
  - src/models/operations/deletedeployment.ts
  - src/models/components/httpmetadata.ts
  - src/models/components/filetree.ts
  - src/models/components/pagination.ts
  - src/models/components/security.ts
  - src/models/errors/index.ts
  - src/models/operations/index.ts
  - src/models/components/index.ts
  - docs/models/operations/direction.md
  - docs/models/operations/statuscode.md
  - docs/models/operations/getdeploymenteventsrequest.md
  - docs/models/operations/getdeploymentevents3type.md
  - docs/models/operations/getdeploymentevents3info.md
  - docs/models/operations/getdeploymentevents3vercelcache.md
  - docs/models/operations/getdeploymentevents3proxy.md
  - docs/models/operations/threepayload.md
  - docs/models/operations/three2.md
  - docs/models/operations/threeinfo.md
  - docs/models/operations/threevercelcache.md
  - docs/models/operations/threeproxy.md
  - docs/models/operations/threetype.md
  - docs/models/operations/three1.md
  - docs/models/operations/responsebody3.md
  - docs/models/operations/getdeploymenteventsresponsebodydeploymentstype.md
  - docs/models/operations/getdeploymenteventsresponsebodydeploymentsinfo.md
  - docs/models/operations/getdeploymenteventsresponsebodydeploymentsvercelcache.md
  - docs/models/operations/getdeploymenteventsresponsebodydeploymentsproxy.md
  - docs/models/operations/responsebodypayload.md
  - docs/models/operations/responsebody2.md
  - docs/models/operations/responsebodyinfo.md
  - docs/models/operations/responsebodyvercelcache.md
  - docs/models/operations/responsebodyproxy.md
  - docs/models/operations/getdeploymenteventsresponsebodytype.md
  - docs/models/operations/responsebody1.md
  - docs/models/operations/getdeploymenteventsresponsebody.md
  - docs/models/operations/responsebodytype.md
  - docs/models/operations/getdeploymenteventsresponsebodyinfo.md
  - docs/models/operations/getdeploymenteventsresponsebodyvercelcache.md
  - docs/models/operations/getdeploymenteventsresponsebodyproxy.md
  - docs/models/operations/payload.md
  - docs/models/operations/getdeploymenteventsresponsebody2.md
  - docs/models/operations/info.md
  - docs/models/operations/vercelcache.md
  - docs/models/operations/proxy.md
  - docs/models/operations/getdeploymenteventsresponsebodydeploymentsresponsetype.md
  - docs/models/operations/getdeploymenteventsresponsebody1.md
  - docs/models/operations/responsebody.md
  - docs/models/operations/getdeploymenteventsresponse.md
  - docs/models/operations/getdeploymentrequest.md
  - docs/models/operations/getdeploymentresponsebodydeploymentsresponsereadystate.md
  - docs/models/operations/responsebodyoutput.md
  - docs/models/operations/responsebodylambdas.md
  - docs/models/operations/responsebodyproject.md
  - docs/models/operations/responsebodyreadystate.md
  - docs/models/operations/responsebodyreadysubstate.md
  - docs/models/operations/responsebodysource.md
  - docs/models/operations/responsebodytarget.md
  - docs/models/operations/responsebodyteam.md
  - docs/models/operations/getdeploymentresponsebodydeploymentstype.md
  - docs/models/operations/responsebodyaliaserror.md
  - docs/models/operations/responsebodyaliaswarning.md
  - docs/models/operations/responsebodychecksstate.md
  - docs/models/operations/responsebodychecksconclusion.md
  - docs/models/operations/responsebodycreator.md
  - docs/models/operations/getdeploymentgitsourcedeploymentsresponse200applicationjsonresponsebody29type.md
  - docs/models/operations/getdeploymentgitsourcedeployments9.md
  - docs/models/operations/getdeploymentgitsourcedeploymentsresponse200applicationjsonresponsebody28type.md
  - docs/models/operations/getdeploymentgitsourcedeployments8.md
  - docs/models/operations/getdeploymentgitsourcedeploymentsresponse200applicationjsonresponsebody27type.md
  - docs/models/operations/getdeploymentgitsourcedeployments7.md
  - docs/models/operations/getdeploymentgitsourcedeploymentsresponse200applicationjsonresponsebody26type.md
  - docs/models/operations/getdeploymentgitsourcedeployments6.md
  - docs/models/operations/getdeploymentgitsourcedeploymentsresponse200applicationjsonresponsebody25type.md
  - docs/models/operations/getdeploymentgitsourcedeployments5.md
  - docs/models/operations/getdeploymentgitsourcedeploymentsresponse200applicationjsonresponsebody24type.md
  - docs/models/operations/getdeploymentgitsourcedeployments4.md
  - docs/models/operations/getdeploymentgitsourcedeploymentsresponse200applicationjsonresponsebody23type.md
  - docs/models/operations/getdeploymentgitsourcedeploymentsprojectid.md
  - docs/models/operations/getdeploymentgitsource3.md
  - docs/models/operations/getdeploymentgitsourcedeploymentsresponse200applicationjsonresponsebody22type.md
  - docs/models/operations/getdeploymentgitsource2.md
  - docs/models/operations/getdeploymentgitsourcedeploymentsresponse200applicationjsonresponsebody2type.md
  - docs/models/operations/getdeploymentgitsourcedeploymentsrepoid.md
  - docs/models/operations/getdeploymentgitsource1.md
  - docs/models/operations/responsebodygitsource.md
  - docs/models/operations/getdeploymentresponsebody2.md
  - docs/models/operations/responsebodybuild.md
  - docs/models/operations/responsebodybuilds.md
  - docs/models/operations/responsebodycrons.md
  - docs/models/operations/responsebodyfunctions.md
  - docs/models/operations/responsebodyplan.md
  - docs/models/operations/getdeploymentroutes3.md
  - docs/models/operations/getdeploymentrouteshandle.md
  - docs/models/operations/getdeploymentroutes2.md
  - docs/models/operations/getdeploymenthastype.md
  - docs/models/operations/getdeploymenthas2.md
  - docs/models/operations/getdeploymenthasdeploymentstype.md
  - docs/models/operations/getdeploymenthas1.md
  - docs/models/operations/getdeploymentrouteshas.md
  - docs/models/operations/getdeploymentmissingtype.md
  - docs/models/operations/getdeploymentmissing2.md
  - docs/models/operations/getdeploymentmissingdeploymentstype.md
  - docs/models/operations/getdeploymentmissing1.md
  - docs/models/operations/getdeploymentroutesmissing.md
  - docs/models/operations/getdeploymentrouteslocale.md
  - docs/models/operations/getdeploymentroutes1.md
  - docs/models/operations/responsebodyroutes.md
  - docs/models/operations/getdeploymentgitrepodeploymentstype.md
  - docs/models/operations/getdeploymentgitrepoownertype.md
  - docs/models/operations/getdeploymentgitrepo3.md
  - docs/models/operations/getdeploymentgitrepotype.md
  - docs/models/operations/getdeploymentgitrepodeploymentsresponseownertype.md
  - docs/models/operations/getdeploymentgitrepo2.md
  - docs/models/operations/getdeploymentgitrepodeploymentsresponsetype.md
  - docs/models/operations/getdeploymentgitrepodeploymentsownertype.md
  - docs/models/operations/getdeploymentgitrepo1.md
  - docs/models/operations/responsebodygitrepo.md
  - docs/models/operations/responsebodyaliasassignedat.md
  - docs/models/operations/getdeploymentresponsebodydeploymentsreadystate.md
  - docs/models/operations/getdeploymentresponsebodyoutput.md
  - docs/models/operations/getdeploymentresponsebodylambdas.md
  - docs/models/operations/getdeploymentresponsebodyproject.md
  - docs/models/operations/getdeploymentresponsebodyreadystate.md
  - docs/models/operations/getdeploymentresponsebodyreadysubstate.md
  - docs/models/operations/getdeploymentresponsebodysource.md
  - docs/models/operations/getdeploymentresponsebodytarget.md
  - docs/models/operations/getdeploymentresponsebodyteam.md
  - docs/models/operations/getdeploymentresponsebodytype.md
  - docs/models/operations/getdeploymentresponsebodyaliaserror.md
  - docs/models/operations/getdeploymentresponsebodyaliaswarning.md
  - docs/models/operations/getdeploymentresponsebodychecksstate.md
  - docs/models/operations/getdeploymentresponsebodychecksconclusion.md
  - docs/models/operations/getdeploymentresponsebodycreator.md
  - docs/models/operations/getdeploymentgitsourcedeploymentsresponse200applicationjsonresponsebody19type.md
  - docs/models/operations/getdeploymentgitsource9.md
  - docs/models/operations/getdeploymentgitsourcedeploymentsresponse200applicationjsonresponsebody1type.md
  - docs/models/operations/getdeploymentgitsource8.md
  - docs/models/operations/getdeploymentgitsourcedeploymentsresponse200applicationjsonresponsebodytype.md
  - docs/models/operations/getdeploymentgitsource7.md
  - docs/models/operations/getdeploymentgitsourcedeploymentsresponse200applicationjsontype.md
  - docs/models/operations/getdeploymentgitsource6.md
  - docs/models/operations/getdeploymentgitsourcedeploymentsresponse200type.md
  - docs/models/operations/getdeploymentgitsource5.md
  - docs/models/operations/getdeploymentgitsourcedeploymentsresponsetype.md
  - docs/models/operations/getdeploymentgitsource4.md
  - docs/models/operations/getdeploymentgitsourcedeploymentstype.md
  - docs/models/operations/getdeploymentgitsourceprojectid.md
  - docs/models/operations/getdeploymentgitsourcedeployments3.md
  - docs/models/operations/getdeploymentgitsourcetype.md
  - docs/models/operations/getdeploymentgitsourcedeployments2.md
  - docs/models/operations/getdeploymentgitsourcedeploymentsresponse200applicationjsonresponsebody11type.md
  - docs/models/operations/getdeploymentgitsourcerepoid.md
  - docs/models/operations/getdeploymentgitsourcedeployments1.md
  - docs/models/operations/getdeploymentresponsebodygitsource.md
  - docs/models/operations/getdeploymentresponsebody1.md
  - docs/models/operations/getdeploymentresponsebody.md
  - docs/models/operations/getdeploymentresponse.md
  - docs/models/operations/forcenew.md
  - docs/models/operations/skipautodetectionconfirmation.md
  - docs/models/operations/uploadedfile.md
  - docs/models/operations/encoding.md
  - docs/models/operations/inlinedfile.md
  - docs/models/operations/files.md
  - docs/models/operations/gitmetadata.md
  - docs/models/operations/createdeploymentgitsourcedeploymentsrequesttype.md
  - docs/models/operations/five.md
  - docs/models/operations/createdeploymentgitsourcedeploymentstype.md
  - docs/models/operations/four.md
  - docs/models/operations/projectid.md
  - docs/models/operations/createdeploymentgitsourcetype.md
  - docs/models/operations/three.md
  - docs/models/operations/gitsourcetype.md
  - docs/models/operations/two.md
  - docs/models/operations/repoid.md
  - docs/models/operations/type.md
  - docs/models/operations/one.md
  - docs/models/operations/gitsource.md
  - docs/models/operations/framework.md
  - docs/models/operations/nodeversion.md
  - docs/models/operations/projectsettings.md
  - docs/models/operations/target.md
  - docs/models/operations/createdeploymentrequestbody.md
  - docs/models/operations/createdeploymentrequest.md
  - docs/models/operations/build.md
  - docs/models/operations/builds.md
  - docs/models/operations/crons.md
  - docs/models/operations/functions.md
  - docs/models/operations/plan.md
  - docs/models/operations/routes3.md
  - docs/models/operations/handle.md
  - docs/models/operations/routes2.md
  - docs/models/operations/createdeploymenthastype.md
  - docs/models/operations/has2.md
  - docs/models/operations/hastype.md
  - docs/models/operations/has1.md
  - docs/models/operations/has.md
  - docs/models/operations/createdeploymentmissingtype.md
  - docs/models/operations/missing2.md
  - docs/models/operations/missingtype.md
  - docs/models/operations/missing1.md
  - docs/models/operations/missing.md
  - docs/models/operations/locale.md
  - docs/models/operations/routes1.md
  - docs/models/operations/routes.md
  - docs/models/operations/createdeploymentgitrepodeploymentstype.md
  - docs/models/operations/createdeploymentgitrepoownertype.md
  - docs/models/operations/gitrepo3.md
  - docs/models/operations/createdeploymentgitrepotype.md
  - docs/models/operations/gitrepoownertype.md
  - docs/models/operations/gitrepo2.md
  - docs/models/operations/gitrepotype.md
  - docs/models/operations/ownertype.md
  - docs/models/operations/gitrepo1.md
  - docs/models/operations/gitrepo.md
  - docs/models/operations/aliasassignedat.md
  - docs/models/operations/createdeploymentreadystate.md
  - docs/models/operations/output.md
  - docs/models/operations/lambdas.md
  - docs/models/operations/project.md
  - docs/models/operations/readystate.md
  - docs/models/operations/readysubstate.md
  - docs/models/operations/source.md
  - docs/models/operations/createdeploymenttarget.md
  - docs/models/operations/team.md
  - docs/models/operations/createdeploymenttype.md
  - docs/models/operations/aliaserror.md
  - docs/models/operations/aliaswarning.md
  - docs/models/operations/checksstate.md
  - docs/models/operations/checksconclusion.md
  - docs/models/operations/creator.md
  - docs/models/operations/createdeploymentgitsourcedeploymentsresponse200applicationjsonresponsebody9type.md
  - docs/models/operations/nine.md
  - docs/models/operations/createdeploymentgitsourcedeploymentsresponse200applicationjsonresponsebody8type.md
  - docs/models/operations/eight.md
  - docs/models/operations/createdeploymentgitsourcedeploymentsresponse200applicationjsonresponsebody7type.md
  - docs/models/operations/seven.md
  - docs/models/operations/createdeploymentgitsourcedeploymentsresponse200applicationjsonresponsebody6type.md
  - docs/models/operations/six.md
  - docs/models/operations/createdeploymentgitsourcedeploymentsresponse200applicationjsonresponsebody5type.md
  - docs/models/operations/gitsource5.md
  - docs/models/operations/createdeploymentgitsourcedeploymentsresponse200applicationjsonresponsebodytype.md
  - docs/models/operations/gitsource4.md
  - docs/models/operations/createdeploymentgitsourcedeploymentsresponse200applicationjsontype.md
  - docs/models/operations/gitsourceprojectid.md
  - docs/models/operations/gitsource3.md
  - docs/models/operations/createdeploymentgitsourcedeploymentsresponse200type.md
  - docs/models/operations/gitsource2.md
  - docs/models/operations/createdeploymentgitsourcedeploymentsresponsetype.md
  - docs/models/operations/gitsourcerepoid.md
  - docs/models/operations/gitsource1.md
  - docs/models/operations/createdeploymentgitsource.md
  - docs/models/operations/createdeploymentresponsebody.md
  - docs/models/operations/createdeploymentresponse.md
  - docs/models/operations/canceldeploymentrequest.md
  - docs/models/operations/canceldeploymentbuild.md
  - docs/models/operations/canceldeploymentbuilds.md
  - docs/models/operations/canceldeploymentcrons.md
  - docs/models/operations/canceldeploymentfunctions.md
  - docs/models/operations/canceldeploymentplan.md
  - docs/models/operations/canceldeploymentroutes3.md
  - docs/models/operations/routeshandle.md
  - docs/models/operations/canceldeploymentroutes2.md
  - docs/models/operations/canceldeploymenthasdeploymentstype.md
  - docs/models/operations/canceldeploymenthas2.md
  - docs/models/operations/canceldeploymenthastype.md
  - docs/models/operations/canceldeploymenthas1.md
  - docs/models/operations/routeshas.md
  - docs/models/operations/canceldeploymentmissingdeploymentstype.md
  - docs/models/operations/canceldeploymentmissing2.md
  - docs/models/operations/canceldeploymentmissingtype.md
  - docs/models/operations/canceldeploymentmissing1.md
  - docs/models/operations/routesmissing.md
  - docs/models/operations/routeslocale.md
  - docs/models/operations/canceldeploymentroutes1.md
  - docs/models/operations/canceldeploymentroutes.md
  - docs/models/operations/canceldeploymentgitrepodeploymentsresponsetype.md
  - docs/models/operations/canceldeploymentgitrepodeploymentsresponseownertype.md
  - docs/models/operations/canceldeploymentgitrepo3.md
  - docs/models/operations/canceldeploymentgitrepodeploymentstype.md
  - docs/models/operations/canceldeploymentgitrepodeploymentsownertype.md
  - docs/models/operations/canceldeploymentgitrepo2.md
  - docs/models/operations/canceldeploymentgitrepotype.md
  - docs/models/operations/canceldeploymentgitrepoownertype.md
  - docs/models/operations/canceldeploymentgitrepo1.md
  - docs/models/operations/canceldeploymentgitrepo.md
  - docs/models/operations/canceldeploymentaliasassignedat.md
  - docs/models/operations/canceldeploymentdeploymentsreadystate.md
  - docs/models/operations/canceldeploymentoutput.md
  - docs/models/operations/canceldeploymentlambdas.md
  - docs/models/operations/canceldeploymentproject.md
  - docs/models/operations/canceldeploymentreadystate.md
  - docs/models/operations/canceldeploymentreadysubstate.md
  - docs/models/operations/canceldeploymentsource.md
  - docs/models/operations/canceldeploymenttarget.md
  - docs/models/operations/canceldeploymentteam.md
  - docs/models/operations/canceldeploymenttype.md
  - docs/models/operations/canceldeploymentaliaserror.md
  - docs/models/operations/canceldeploymentaliaswarning.md
  - docs/models/operations/canceldeploymentchecksstate.md
  - docs/models/operations/canceldeploymentchecksconclusion.md
  - docs/models/operations/canceldeploymentcreator.md
  - docs/models/operations/canceldeploymentgitsourcedeploymentsresponse200applicationjsonresponsebody9type.md
  - docs/models/operations/gitsource9.md
  - docs/models/operations/canceldeploymentgitsourcedeploymentsresponse200applicationjsonresponsebody8type.md
  - docs/models/operations/gitsource8.md
  - docs/models/operations/canceldeploymentgitsourcedeploymentsresponse200applicationjsonresponsebody7type.md
  - docs/models/operations/gitsource7.md
  - docs/models/operations/canceldeploymentgitsourcedeploymentsresponse200applicationjsonresponsebodytype.md
  - docs/models/operations/gitsource6.md
  - docs/models/operations/canceldeploymentgitsourcedeploymentsresponse200applicationjsontype.md
  - docs/models/operations/canceldeploymentgitsource5.md
  - docs/models/operations/canceldeploymentgitsourcedeploymentsresponse200type.md
  - docs/models/operations/canceldeploymentgitsource4.md
  - docs/models/operations/canceldeploymentgitsourcedeploymentsresponsetype.md
  - docs/models/operations/canceldeploymentgitsourceprojectid.md
  - docs/models/operations/canceldeploymentgitsource3.md
  - docs/models/operations/canceldeploymentgitsourcedeploymentstype.md
  - docs/models/operations/canceldeploymentgitsource2.md
  - docs/models/operations/canceldeploymentgitsourcetype.md
  - docs/models/operations/canceldeploymentgitsourcerepoid.md
  - docs/models/operations/canceldeploymentgitsource1.md
  - docs/models/operations/canceldeploymentgitsource.md
  - docs/models/operations/canceldeploymentresponsebody.md
  - docs/models/operations/canceldeploymentresponse.md
  - docs/models/operations/uploadfilerequest.md
  - docs/models/operations/uploadfileresponsebody2.md
  - docs/models/operations/uploadfileresponsebody1.md
  - docs/models/operations/uploadfileresponsebody.md
  - docs/models/operations/uploadfileresponse.md
  - docs/models/operations/listdeploymentfilesrequest.md
  - docs/models/operations/listdeploymentfilesresponse.md
  - docs/models/operations/getdeploymentfilecontentsrequest.md
  - docs/models/operations/getdeploymentfilecontentsresponse.md
  - docs/models/operations/queryparamtarget.md
  - docs/models/operations/getdeploymentsrequest.md
  - docs/models/operations/getdeploymentssource.md
  - docs/models/operations/getdeploymentsstate.md
  - docs/models/operations/getdeploymentsreadystate.md
  - docs/models/operations/getdeploymentstype.md
  - docs/models/operations/getdeploymentscreator.md
  - docs/models/operations/getdeploymentstarget.md
  - docs/models/operations/getdeploymentsaliaserror.md
  - docs/models/operations/aliasassigned.md
  - docs/models/operations/getdeploymentsreadysubstate.md
  - docs/models/operations/getdeploymentschecksstate.md
  - docs/models/operations/getdeploymentschecksconclusion.md
  - docs/models/operations/getdeploymentsframework.md
  - docs/models/operations/getdeploymentsnodeversion.md
  - docs/models/operations/speedinsights.md
  - docs/models/operations/webanalytics.md
  - docs/models/operations/gitcomments.md
  - docs/models/operations/getdeploymentsprojectsettings.md
  - docs/models/operations/deployments.md
  - docs/models/operations/getdeploymentsresponsebody.md
  - docs/models/operations/getdeploymentsresponse.md
  - docs/models/operations/deletedeploymentrequest.md
  - docs/models/operations/state.md
  - docs/models/operations/deletedeploymentresponsebody.md
  - docs/models/operations/deletedeploymentresponse.md
  - docs/models/components/httpmetadata.md
  - docs/models/components/type.md
  - docs/models/components/filetree.md
  - docs/models/components/pagination.md
  - docs/models/components/security.md
  - docs/sdks/sdk/README.md
  - docs/sdks/deployments/README.md
  - USAGE.md
  - .gitattributes
  - src/hooks/hooks.ts
  - src/hooks/types.ts
  - src/hooks/index.ts
