lockVersion: 2.0.0
id: c56ba321-ea22-4277-b056-b38d81e3e1f2
management:
  docChecksum: 3498794f85a3aab1d7dc1f0522acc1c3
  docVersion: 0.0.1
  speakeasyVersion: 1.295.1
  generationVersion: 2.335.5
  releaseVersion: 0.0.4
  configChecksum: 505e778d3ec1d3d47fce59bd96d780ae
features:
  typescript:
    additionalDependencies: 0.1.0
    core: 3.9.6
    flattening: 2.81.1
    globalSecurity: 2.82.9
    globalSecurityCallbacks: 0.1.0
    globalServerURLs: 2.82.4
    nameOverrides: 2.81.2
    nullables: 0.1.0
    responseFormat: 0.2.3
    sdkHooks: 0.1.0
    serverIDs: 2.81.2
    unions: 2.85.5
generatedFiles:
  - src/sdk/domains.ts
  - src/sdk/sdk.ts
  - .eslintrc.js
  - .npmignore
  - RUNTIMES.md
  - jsr.json
  - package.json
  - src/index.ts
  - src/lib/base64.ts
  - src/lib/config.ts
  - src/lib/encodings.ts
  - src/lib/http.ts
  - src/lib/primitives.ts
  - src/lib/retries.ts
  - src/lib/schemas.ts
  - src/lib/sdks.ts
  - src/lib/security.ts
  - src/lib/url.ts
  - src/sdk/index.ts
  - src/models/errors/sdkerror.ts
  - src/models/errors/sdkvalidationerror.ts
  - src/types/blobs.ts
  - src/types/enums.ts
  - src/types/index.ts
  - src/types/operations.ts
  - src/types/rfcdate.ts
  - tsconfig.json
  - src/models/operations/buydomain.ts
  - src/models/operations/checkdomainprice.ts
  - src/models/operations/checkdomainstatus.ts
  - src/models/operations/getdomaintransfer.ts
  - src/models/operations/getdomainconfig.ts
  - src/models/operations/getdomain.ts
  - src/models/operations/getdomains.ts
  - src/models/operations/createortransferdomain.ts
  - src/models/operations/patchdomain.ts
  - src/models/operations/deletedomain.ts
  - src/models/components/httpmetadata.ts
  - src/models/components/pagination.ts
  - src/models/components/security.ts
  - src/models/errors/index.ts
  - src/models/operations/index.ts
  - src/models/components/index.ts
  - docs/models/operations/buydomainrequestbody.md
  - docs/models/operations/buydomainrequest.md
  - docs/models/operations/buydomaindomain.md
  - docs/models/operations/buydomaindomainsresponsebody.md
  - docs/models/operations/domain.md
  - docs/models/operations/buydomainresponsebody.md
  - docs/models/operations/buydomainresponse.md
  - docs/models/operations/type.md
  - docs/models/operations/checkdomainpricerequest.md
  - docs/models/operations/checkdomainpriceresponsebody.md
  - docs/models/operations/checkdomainpriceresponse.md
  - docs/models/operations/checkdomainstatusrequest.md
  - docs/models/operations/checkdomainstatusresponsebody.md
  - docs/models/operations/checkdomainstatusresponse.md
  - docs/models/operations/getdomaintransferrequest.md
  - docs/models/operations/transferpolicy.md
  - docs/models/operations/status.md
  - docs/models/operations/getdomaintransferresponsebody.md
  - docs/models/operations/getdomaintransferresponse.md
  - docs/models/operations/strict.md
  - docs/models/operations/getdomainconfigrequest.md
  - docs/models/operations/configuredby.md
  - docs/models/operations/acceptedchallenges.md
  - docs/models/operations/getdomainconfigresponsebody.md
  - docs/models/operations/getdomainconfigresponse.md
  - docs/models/operations/getdomainrequest.md
  - docs/models/operations/creator.md
  - docs/models/operations/servicetype.md
  - docs/models/operations/getdomaindomain.md
  - docs/models/operations/getdomainresponsebody.md
  - docs/models/operations/getdomainresponse.md
  - docs/models/operations/getdomainsrequest.md
  - docs/models/operations/getdomainscreator.md
  - docs/models/operations/getdomainsservicetype.md
  - docs/models/operations/domains.md
  - docs/models/operations/getdomainsresponsebody.md
  - docs/models/operations/getdomainsresponse.md
  - docs/models/operations/three.md
  - docs/models/operations/two.md
  - docs/models/operations/one.md
  - docs/models/operations/createortransferdomainrequestbody.md
  - docs/models/operations/createortransferdomainrequest.md
  - docs/models/operations/createortransferdomaincreator.md
  - docs/models/operations/createortransferdomainservicetype.md
  - docs/models/operations/createortransferdomaindomain.md
  - docs/models/operations/createortransferdomainresponsebody.md
  - docs/models/operations/createortransferdomainresponse.md
  - docs/models/operations/requestbody2.md
  - docs/models/operations/requestbody1.md
  - docs/models/operations/patchdomainrequestbody.md
  - docs/models/operations/patchdomainrequest.md
  - docs/models/operations/responsebody3.md
  - docs/models/operations/responsebody2.md
  - docs/models/operations/responsebody1.md
  - docs/models/operations/patchdomainresponsebody.md
  - docs/models/operations/patchdomainresponse.md
  - docs/models/operations/deletedomainrequest.md
  - docs/models/operations/deletedomainresponsebody.md
  - docs/models/operations/deletedomainresponse.md
  - docs/models/components/httpmetadata.md
  - docs/models/components/pagination.md
  - docs/models/components/security.md
  - docs/sdks/sdk/README.md
  - docs/sdks/domains/README.md
  - USAGE.md
  - .gitattributes
  - src/hooks/hooks.ts
  - src/hooks/types.ts
  - src/hooks/index.ts
